
Microsoft Visual Studio Solution File, Format Version 12.00
# Visual Studio Version 17
VisualStudioVersion = 17.7.34018.315
MinimumVisualStudioVersion = 10.0.40219.1
Project("{9A19103F-16F7-4668-BE54-9A1E7A4F7556}") = "Billetera.View", "Billetera.View\Billetera.View.csproj", "{DF333394-AE10-4705-9D79-6EA7C67DCC17}"
EndProject
Project("{9A19103F-16F7-4668-BE54-9A1E7A4F7556}") = "Billetera.Data", "Billetera.Data\Billetera.Data.csproj", "{780AAD6C-DD68-4356-B1EC-CAFB0C02C1FE}"
EndProject
Project("{9A19103F-16F7-4668-BE54-9A1E7A4F7556}") = "Billetera.Models", "Billetera.Models\Billetera.Models.csproj", "{9C3B47F0-7E16-4F22-A12B-18F544BB7CB8}"
EndProject
Project("{9A19103F-16F7-4668-BE54-9A1E7A4F7556}") = "Billetera.Negocio", "Billetera.Negocio\Billetera.Negocio.csproj", "{A12E6A2A-02E8-4C3A-95EA-F39B05D07338}"
EndProject
Project("{FAE04EC0-301F-11D3-BF4B-00C04F79EFBC}") = "Codigos.Utiles", "Codigos.Utiles\Codigos.Utiles.csproj", "{E9BF6EC6-C601-4F26-B6B7-ACF5A89DE018}"
EndProject
Global
	GlobalSection(SolutionConfigurationPlatforms) = preSolution
		Debug|Any CPU = Debug|Any CPU
		Release|Any CPU = Release|Any CPU
	EndGlobalSection
	GlobalSection(ProjectConfigurationPlatforms) = postSolution
		{DF333394-AE10-4705-9D79-6EA7C67DCC17}.Debug|Any CPU.ActiveCfg = Debug|Any CPU
		{DF333394-AE10-4705-9D79-6EA7C67DCC17}.Debug|Any CPU.Build.0 = Debug|Any CPU
		{DF333394-AE10-4705-9D79-6EA7C67DCC17}.Release|Any CPU.ActiveCfg = Release|Any CPU
		{DF333394-AE10-4705-9D79-6EA7C67DCC17}.Release|Any CPU.Build.0 = Release|Any CPU
		{780AAD6C-DD68-4356-B1EC-CAFB0C02C1FE}.Debug|Any CPU.ActiveCfg = Debug|Any CPU
		{780AAD6C-DD68-4356-B1EC-CAFB0C02C1FE}.Debug|Any CPU.Build.0 = Debug|Any CPU
		{780AAD6C-DD68-4356-B1EC-CAFB0C02C1FE}.Release|Any CPU.ActiveCfg = Release|Any CPU
		{780AAD6C-DD68-4356-B1EC-CAFB0C02C1FE}.Release|Any CPU.Build.0 = Release|Any CPU
		{9C3B47F0-7E16-4F22-A12B-18F544BB7CB8}.Debug|Any CPU.ActiveCfg = Debug|Any CPU
		{9C3B47F0-7E16-4F22-A12B-18F544BB7CB8}.Debug|Any CPU.Build.0 = Debug|Any CPU
		{9C3B47F0-7E16-4F22-A12B-18F544BB7CB8}.Release|Any CPU.ActiveCfg = Release|Any CPU
		{9C3B47F0-7E16-4F22-A12B-18F544BB7CB8}.Release|Any CPU.Build.0 = Release|Any CPU
		{A12E6A2A-02E8-4C3A-95EA-F39B05D07338}.Debug|Any CPU.ActiveCfg = Debug|Any CPU
		{A12E6A2A-02E8-4C3A-95EA-F39B05D07338}.Debug|Any CPU.Build.0 = Debug|Any CPU
		{A12E6A2A-02E8-4C3A-95EA-F39B05D07338}.Release|Any CPU.ActiveCfg = Release|Any CPU
		{A12E6A2A-02E8-4C3A-95EA-F39B05D07338}.Release|Any CPU.Build.0 = Release|Any CPU
		{E9BF6EC6-C601-4F26-B6B7-ACF5A89DE018}.Debug|Any CPU.ActiveCfg = Debug|Any CPU
		{E9BF6EC6-C601-4F26-B6B7-ACF5A89DE018}.Debug|Any CPU.Build.0 = Debug|Any CPU
		{E9BF6EC6-C601-4F26-B6B7-ACF5A89DE018}.Release|Any CPU.ActiveCfg = Release|Any CPU
		{E9BF6EC6-C601-4F26-B6B7-ACF5A89DE018}.Release|Any CPU.Build.0 = Release|Any CPU
	EndGlobalSection
	GlobalSection(SolutionProperties) = preSolution
		HideSolutionNode = FALSE
	EndGlobalSection
	GlobalSection(ExtensibilityGlobals) = postSolution
		SolutionGuid = {CC019478-7D5E-475B-9866-CA7488DDA153}
	EndGlobalSection
EndGlobal
